
Microsoft Visual Studio Solution File, Format Version 12.00
# Visual Studio Version 17
VisualStudioVersion = 17.13.35828.75 d17.13
MinimumVisualStudioVersion = 10.0.40219.1
Project("{8BC9CEB8-8B4A-11D0-8D11-00A0C91BC942}") = "kolkoIkrzyzyk", "kolkoIkrzyzyk\kolkoIkrzyzyk.vcxproj", "{CA87F218-7782-4475-8FB3-0817DE28F526}"
EndProject
Global
	GlobalSection(SolutionConfigurationPlatforms) = preSolution
		Debug|x64 = Debug|x64
		Debug|x86 = Debug|x86
		Release|x64 = Release|x64
		Release|x86 = Release|x86
	EndGlobalSection
	GlobalSection(ProjectConfigurationPlatforms) = postSolution
		{CA87F218-7782-4475-8FB3-0817DE28F526}.Debug|x64.ActiveCfg = Debug|x64
		{CA87F218-7782-4475-8FB3-0817DE28F526}.Debug|x64.Build.0 = Debug|x64
		{CA87F218-7782-4475-8FB3-0817DE28F526}.Debug|x86.ActiveCfg = Debug|Win32
		{CA87F218-7782-4475-8FB3-0817DE28F526}.Debug|x86.Build.0 = Debug|Win32
		{CA87F218-7782-4475-8FB3-0817DE28F526}.Release|x64.ActiveCfg = Release|x64
		{CA87F218-7782-4475-8FB3-0817DE28F526}.Release|x64.Build.0 = Release|x64
		{CA87F218-7782-4475-8FB3-0817DE28F526}.Release|x86.ActiveCfg = Release|Win32
		{CA87F218-7782-4475-8FB3-0817DE28F526}.Release|x86.Build.0 = Release|Win32
	EndGlobalSection
	GlobalSection(SolutionProperties) = preSolution
		HideSolutionNode = FALSE
	EndGlobalSection
	GlobalSection(ExtensibilityGlobals) = postSolution
		SolutionGuid = {498A570B-7515-4F73-8CDE-58D1A31B2E56}
	EndGlobalSection
EndGlobal
